{
  "nodes": {
    "glf": {
      "inputs": {
        "nixpkgs": "nixpkgs"
      },
      "locked": {
        "lastModified": 1736945122,
        "narHash": "sha256-IOkeLo/7sbJyXAZ0IC2v7OoRO3yjSTfLC4izLF9uNxQ=",
        "owner": "CORAAL",
        "repo": "Nixos-by-GLF",
        "rev": "483ea6ab5bc98b3949f8d4fdf771a941e8a6ae71",
        "type": "github"
      },
      "original": {
        "owner": "CORAAL",
        "ref": "coraal_flakeInit",
        "repo": "Nixos-by-GLF",
        "type": "github"
      }
    },
    "nixpkgs": {
      "locked": {
        "lastModified": 1736549401,
        "narHash": "sha256-ibkQrMHxF/7TqAYcQE+tOnIsSEzXmMegzyBWza6uHKM=",
        "owner": "NixOS",
        "repo": "nixpkgs",
        "rev": "1dab772dd4a68a7bba5d9460685547ff8e17d899",
        "type": "github"
      },
      "original": {
        "owner": "NixOS",
        "ref": "nixos-24.11",
        "repo": "nixpkgs",
        "type": "github"
      }
    },
    "nixpkgs_2": {
      "locked": {
        "lastModified": 1736867362,
        "narHash": "sha256-i/UJ5I7HoqmFMwZEH6vAvBxOrjjOJNU739lnZnhUln8=",
        "owner": "nixos",
        "repo": "nixpkgs",
        "rev": "9c6b49aeac36e2ed73a8c472f1546f6d9cf1addc",
        "type": "github"
      },
      "original": {
        "owner": "nixos",
        "ref": "nixos-24.11",
        "repo": "nixpkgs",
        "type": "github"
      }
    },
    "root": {
      "inputs": {
        "glf": "glf",
        "nixpkgs": "nixpkgs_2"
      }
    }
  },
  "root": "root",
  "version": 7
}
